
Microsoft Visual Studio Solution File, Format Version 12.00
# Visual Studio Version 16
VisualStudioVersion = 16.0.31515.178
MinimumVisualStudioVersion = 10.0.40219.1
Project("{FAE04EC0-301F-11D3-BF4B-00C04F79EFBC}") = "BlobStorage", "BlobStorage.csproj", "{90169FF8-24E4-4831-B5F6-843E8CE35790}"
EndProject
Global
	GlobalSection(SolutionConfigurationPlatforms) = preSolution
		Debug|Any CPU = Debug|Any CPU
		Release|Any CPU = Release|Any CPU
	EndGlobalSection
	GlobalSection(ProjectConfigurationPlatforms) = postSolution
		{90169FF8-24E4-4831-B5F6-843E8CE35790}.Debug|Any CPU.ActiveCfg = Debug|Any CPU
		{90169FF8-24E4-4831-B5F6-843E8CE35790}.Debug|Any CPU.Build.0 = Debug|Any CPU
		{90169FF8-24E4-4831-B5F6-843E8CE35790}.Release|Any CPU.ActiveCfg = Release|Any CPU
		{90169FF8-24E4-4831-B5F6-843E8CE35790}.Release|Any CPU.Build.0 = Release|Any CPU
	EndGlobalSection
	GlobalSection(SolutionProperties) = preSolution
		HideSolutionNode = FALSE
	EndGlobalSection
	GlobalSection(ExtensibilityGlobals) = postSolution
		SolutionGuid = {A526234B-1F98-4DD1-BD70-B51F889B4BBC}
	EndGlobalSection
EndGlobal
